# This file was autogenerated by Stack.
# You should not edit this file by hand.
# For more information, please see the documentation at:
#   https://docs.haskellstack.org/en/stable/lock_files

packages:
- completed:
    hackage: anki-tools-0.1.0.0@sha256:e624ad55156c1196e5357a8c4b3f6ac6b5b1edd6ca9b78c05eb53d67cff59da4,1563
    pantry-tree:
      size: 735
      sha256: bff4a2a7ce8ed9212d5454e62903b4092429dc389a5c4f1baa6d4b66d568df7c
  original:
    hackage: anki-tools-0.1.0.0@sha256:e624ad55156c1196e5357a8c4b3f6ac6b5b1edd6ca9b78c05eb53d67cff59da4,1563
- completed:
    hackage: html-parse-0.2.0.2@sha256:4f4c1800d5630f94d26ec9c4d63bdba36d3d94cc047f13ef670e5be674982cab,3898
    pantry-tree:
      size: 516
      sha256: b8bb79ce57d2b22176a185f6aee0667f334361e358ac65e9738cbbf8e144cf25
  original:
    hackage: html-parse-0.2.0.2@sha256:4f4c1800d5630f94d26ec9c4d63bdba36d3d94cc047f13ef670e5be674982cab,3898
snapshots:
- completed:
    size: 586110
    url: https://raw.githubusercontent.com/commercialhaskell/stackage-snapshots/master/lts/18/21.yaml
    sha256: ce4fb8d44f3c6c6032060a02e0ebb1bd29937c9a70101c1517b92a87d9515160
  original:
    url: https://raw.githubusercontent.com/commercialhaskell/stackage-snapshots/master/lts/18/21.yaml
